
Microsoft Visual Studio Solution File, Format Version 12.00
Project("{FAE04EC0-301F-11D3-BF4B-00C04F79EFBC}") = "AccountsApi", "src\AccountsApi\AccountsApi.csproj", "{4D40B731-FFE2-4463-90CA-651C6522AB77}"
EndProject
Project("{FAE04EC0-301F-11D3-BF4B-00C04F79EFBC}") = "ContentApi", "src\ContentApi\ContentApi.csproj", "{579EE8CE-EBF0-477E-89B9-70213FEE7242}"
EndProject
Project("{FAE04EC0-301F-11D3-BF4B-00C04F79EFBC}") = "Gateway", "src\Gateway\Gateway.csproj", "{9FCB8440-79A3-452C-AF1F-EF7A217E2F2A}"
EndProject
Project("{FAE04EC0-301F-11D3-BF4B-00C04F79EFBC}") = "Proxy", "src\Proxy\Proxy.csproj", "{2352CA6E-B0A3-40C7-B051-D7B7DE808587}"
EndProject
Project("{FAE04EC0-301F-11D3-BF4B-00C04F79EFBC}") = "Core", "src\Core\Core.csproj", "{6FC6DF63-76CE-4AF6-8CA6-65BD29738337}"
EndProject
Project("{FAE04EC0-301F-11D3-BF4B-00C04F79EFBC}") = "OIDC", "src\OIDC\OIDC.csproj", "{50BDB0DE-D667-4102-A349-C38BACB4E2B7}"
EndProject
Project("{2150E333-8FDC-42A3-9474-1A3956D46DE8}") = "Docs", "Docs", "{3DA4EC17-478B-4255-8901-66D431F8E46B}"
ProjectSection(SolutionItems) = preProject
	..\README.md = ..\README.md
EndProjectSection
EndProject
Project("{2150E333-8FDC-42A3-9474-1A3956D46DE8}") = "Build", "Build", "{9C3FF965-C945-4491-9F20-7AF956813E01}"
ProjectSection(SolutionItems) = preProject
	tye.yaml = tye.yaml
EndProjectSection
EndProject
Global
	GlobalSection(SolutionConfigurationPlatforms) = preSolution
		Debug|Any CPU = Debug|Any CPU
		Release|Any CPU = Release|Any CPU
	EndGlobalSection
	GlobalSection(ProjectConfigurationPlatforms) = postSolution
		{4D40B731-FFE2-4463-90CA-651C6522AB77}.Debug|Any CPU.ActiveCfg = Debug|Any CPU
		{4D40B731-FFE2-4463-90CA-651C6522AB77}.Debug|Any CPU.Build.0 = Debug|Any CPU
		{4D40B731-FFE2-4463-90CA-651C6522AB77}.Release|Any CPU.ActiveCfg = Release|Any CPU
		{4D40B731-FFE2-4463-90CA-651C6522AB77}.Release|Any CPU.Build.0 = Release|Any CPU
		{579EE8CE-EBF0-477E-89B9-70213FEE7242}.Debug|Any CPU.ActiveCfg = Debug|Any CPU
		{579EE8CE-EBF0-477E-89B9-70213FEE7242}.Debug|Any CPU.Build.0 = Debug|Any CPU
		{579EE8CE-EBF0-477E-89B9-70213FEE7242}.Release|Any CPU.ActiveCfg = Release|Any CPU
		{579EE8CE-EBF0-477E-89B9-70213FEE7242}.Release|Any CPU.Build.0 = Release|Any CPU
		{9FCB8440-79A3-452C-AF1F-EF7A217E2F2A}.Debug|Any CPU.ActiveCfg = Debug|Any CPU
		{9FCB8440-79A3-452C-AF1F-EF7A217E2F2A}.Debug|Any CPU.Build.0 = Debug|Any CPU
		{9FCB8440-79A3-452C-AF1F-EF7A217E2F2A}.Release|Any CPU.ActiveCfg = Release|Any CPU
		{9FCB8440-79A3-452C-AF1F-EF7A217E2F2A}.Release|Any CPU.Build.0 = Release|Any CPU
		{2352CA6E-B0A3-40C7-B051-D7B7DE808587}.Debug|Any CPU.ActiveCfg = Debug|Any CPU
		{2352CA6E-B0A3-40C7-B051-D7B7DE808587}.Debug|Any CPU.Build.0 = Debug|Any CPU
		{2352CA6E-B0A3-40C7-B051-D7B7DE808587}.Release|Any CPU.ActiveCfg = Release|Any CPU
		{2352CA6E-B0A3-40C7-B051-D7B7DE808587}.Release|Any CPU.Build.0 = Release|Any CPU
		{6FC6DF63-76CE-4AF6-8CA6-65BD29738337}.Debug|Any CPU.ActiveCfg = Debug|Any CPU
		{6FC6DF63-76CE-4AF6-8CA6-65BD29738337}.Debug|Any CPU.Build.0 = Debug|Any CPU
		{6FC6DF63-76CE-4AF6-8CA6-65BD29738337}.Release|Any CPU.ActiveCfg = Release|Any CPU
		{6FC6DF63-76CE-4AF6-8CA6-65BD29738337}.Release|Any CPU.Build.0 = Release|Any CPU
		{50BDB0DE-D667-4102-A349-C38BACB4E2B7}.Debug|Any CPU.ActiveCfg = Debug|Any CPU
		{50BDB0DE-D667-4102-A349-C38BACB4E2B7}.Debug|Any CPU.Build.0 = Debug|Any CPU
		{50BDB0DE-D667-4102-A349-C38BACB4E2B7}.Release|Any CPU.ActiveCfg = Release|Any CPU
		{50BDB0DE-D667-4102-A349-C38BACB4E2B7}.Release|Any CPU.Build.0 = Release|Any CPU
	EndGlobalSection
EndGlobal
